{
  "name": "ind21-poker-planner-fe",
  "version": "1.0.0",
  "lockfileVersion": 1,
  "requires": true,
  "packages": {
    "": {
      "name": "ind21-poker-planner-fe",
      "version": "1.0.0",
      "license": "ISC",
      "dependencies": {
        "@uirouter/angularjs": "^1.0.29",
        "angular": "^1.8.2",
        "angular-animate": "^1.8.2",
        "angular-aria": "^1.8.2",
        "angular-cookies": "^1.8.2",
        "angular-material": "^1.2.3",
        "angular-messages": "^1.8.2",
        "angular-sanitize": "^1.8.2",
        "angular-websocket": "^2.0.1",
        "angularjs-toast": "^4.0.1",
        "bootstrap": "^5.1.0",
        "bootstrap-icons": "^1.5.0",
        "crypto-js": "^4.1.1",
        "font-awesome": "^4.7.0",
        "restangular": "^1.6.1"
      }
    },
    "node_modules/@uirouter/angularjs": {
      "version": "1.0.29",
      "resolved": "https://registry.npmjs.org/@uirouter/angularjs/-/angularjs-1.0.29.tgz",
      "integrity": "sha512-RImWnBarNixkMto0o8stEaGwZmvhv5cnuOLXyMU2pY8MP2rgEF74ZNJTLeJCW14LR7XDUxVH8Mk8bPI6lxedmQ==",
      "dependencies": {
        "@uirouter/core": "6.0.7"
      },
      "engines": {
        "node": ">=4.0.0"
      }
    },
    "node_modules/@uirouter/core": {
      "version": "6.0.7",
      "resolved": "https://registry.npmjs.org/@uirouter/core/-/core-6.0.7.tgz",
      "integrity": "sha512-KUTJxL+6q0PiBnFx4/Z+Hsyg0pSGiaW5yZQeJmUxknecjpTbnXkLU8H2EqRn9N2B+qDRa7Jg8RcgeNDPY72O1w==",
      "engines": {
        "node": ">=4.0.0"
      }
    },
    "node_modules/angular": {
      "version": "1.8.2",
      "resolved": "https://registry.npmjs.org/angular/-/angular-1.8.2.tgz",
      "integrity": "sha512-IauMOej2xEe7/7Ennahkbb5qd/HFADiNuLSESz9Q27inmi32zB0lnAsFeLEWcox3Gd1F6YhNd1CP7/9IukJ0Gw=="
    },
    "node_modules/angular-animate": {
      "version": "1.8.2",
      "resolved": "https://registry.npmjs.org/angular-animate/-/angular-animate-1.8.2.tgz",
      "integrity": "sha512-Jbr9+grNMs9Kj57xuBU3Ju3NOPAjS1+g2UAwwDv7su1lt0/PLDy+9zEwDiu8C8xJceoTbmBNKiWGPJGBdCQLlA=="
    },
    "node_modules/angular-aria": {
      "version": "1.8.2",
      "resolved": "https://registry.npmjs.org/angular-aria/-/angular-aria-1.8.2.tgz",
      "integrity": "sha512-xWT1Lm+Xug2GM6nGNMioBP4hXt3sj2eGaExa4cVCZUYSVWezgyuD1RiLgzJzwTkBGYplHQUzQaz3yDY8jVI6yQ=="
    },
    "node_modules/angular-cookies": {
      "version": "1.8.2",
      "resolved": "https://registry.npmjs.org/angular-cookies/-/angular-cookies-1.8.2.tgz",
      "integrity": "sha512-M6fCnsnw1pj1+nXuO28ilJ+h6pFCIXQKSEgy9/PIoN0sZr5FqsE9BK18PdBQa8dif+fnHCAYpPU8MgDzT/sZSg=="
    },
    "node_modules/angular-material": {
      "version": "1.2.3",
      "resolved": "https://registry.npmjs.org/angular-material/-/angular-material-1.2.3.tgz",
      "integrity": "sha512-Xx5WC8OLbPmMegnl8Mrex5YtF/fEXwwxnESIeKQvyL6ljDeC41jrSxpYSiM3OUeoNY3ySE1G6M63up3IBsFzNQ=="
    },
    "node_modules/angular-messages": {
      "version": "1.8.2",
      "resolved": "https://registry.npmjs.org/angular-messages/-/angular-messages-1.8.2.tgz",
      "integrity": "sha512-M1qNh/30cLJi4yJJ+3YB8saPonRcavz5Dquqz0T/aUySKJhIkUoeCkmF+BcLH4SJ5PBp04yy4CZUUeNRVi7jZA=="
    },
    "node_modules/angular-sanitize": {
      "version": "1.8.2",
      "resolved": "https://registry.npmjs.org/angular-sanitize/-/angular-sanitize-1.8.2.tgz",
      "integrity": "sha512-OB6Goa+QN3byf5asQ7XRl7DKZejm/F/ZOqa9z1skqYVOWA2hoBxoCmt9E7+i7T/TbxZP5zYzKxNZVVJNu860Hg=="
    },
    "node_modules/angular-websocket": {
      "version": "2.0.1",
      "resolved": "https://registry.npmjs.org/angular-websocket/-/angular-websocket-2.0.1.tgz",
      "integrity": "sha1-D7TWDtkBi+WD0DHuxOVrRXy43O4=",
      "dependencies": {
        "angular": "*",
        "ws": "^1.0.0"
      }
    },
    "node_modules/angular-websocket/node_modules/ws": {
      "version": "1.1.5",
      "resolved": "https://registry.npmjs.org/ws/-/ws-1.1.5.tgz",
      "integrity": "sha512-o3KqipXNUdS7wpQzBHSe180lBGO60SoK0yVo3CYJgb2MkobuWuBX6dhkYP5ORCLd55y+SaflMOV5fqAB53ux4w==",
      "dependencies": {
        "options": ">=0.0.5",
        "ultron": "1.0.x"
      }
    },
    "node_modules/angularjs-toast": {
      "version": "4.0.1",
      "resolved": "https://registry.npmjs.org/angularjs-toast/-/angularjs-toast-4.0.1.tgz",
      "integrity": "sha512-E9YzH6b0RZmxxqLLslB6LevGfQh+IWkWe+yoOasec6IiLdlTR6lNYoo2fMsGyaLZXdPnYZwcmCwy8oehhZcERQ=="
    },
    "node_modules/bootstrap": {
      "version": "5.1.0",
      "resolved": "https://registry.npmjs.org/bootstrap/-/bootstrap-5.1.0.tgz",
      "integrity": "sha512-bs74WNI9BgBo3cEovmdMHikSKoXnDgA6VQjJ7TyTotU6L7d41ZyCEEelPwkYEzsG/Zjv3ie9IE3EMAje0W9Xew=="
    },
    "node_modules/bootstrap-icons": {
      "version": "1.5.0",
      "resolved": "https://registry.npmjs.org/bootstrap-icons/-/bootstrap-icons-1.5.0.tgz",
      "integrity": "sha512-44feMc7DE1Ccpsas/1wioN8ewFJNquvi5FewA06wLnqct7CwMdGDVy41ieHaacogzDqLfG8nADIvMNp9e4bfbA==",
      "engines": {
        "node": ">=10"
      }
    },
    "node_modules/crypto-js": {
      "version": "4.1.1",
      "resolved": "https://registry.npmjs.org/crypto-js/-/crypto-js-4.1.1.tgz",
      "integrity": "sha512-o2JlM7ydqd3Qk9CA0L4NL6mTzU2sdx96a+oOfPu8Mkl/PK51vSyoi8/rQ8NknZtk44vq15lmhAj9CIAGwgeWKw=="
    },
    "node_modules/font-awesome": {
      "version": "4.7.0",
      "resolved": "https://registry.npmjs.org/font-awesome/-/font-awesome-4.7.0.tgz",
      "integrity": "sha1-j6jPBBGhoxr9B7BtKQK7n8gVoTM=",
      "engines": {
        "node": ">=0.10.3"
      }
    },
    "node_modules/lodash": {
      "version": "4.17.21",
      "resolved": "https://registry.npmjs.org/lodash/-/lodash-4.17.21.tgz",
      "integrity": "sha512-v2kDEe57lecTulaDIuNTPy3Ry4gLGJ6Z1O3vE1krgXZNrsQ+LFTGHVxVjcXPs17LhbZVGedAJv8XZ1tvj5FvSg=="
    },
    "node_modules/options": {
      "version": "0.0.6",
      "resolved": "https://registry.npmjs.org/options/-/options-0.0.6.tgz",
      "integrity": "sha1-7CLTEoBrtT5zF3Pnza788cZDEo8=",
      "engines": {
        "node": ">=0.4.0"
      }
    },
    "node_modules/restangular": {
      "version": "1.6.1",
      "resolved": "https://registry.npmjs.org/restangular/-/restangular-1.6.1.tgz",
      "integrity": "sha1-rdF0PyfXewuKZS5khadgtiNO0CQ=",
      "dependencies": {
        "lodash": "~4.17.0"
      },
      "engines": {
        "node": ">= 0.9"
      }
    },
    "node_modules/ultron": {
      "version": "1.0.2",
      "resolved": "https://registry.npmjs.org/ultron/-/ultron-1.0.2.tgz",
      "integrity": "sha1-rOEWq1V80Zc4ak6I9GhTeMiy5Po="
    }
  },
  "dependencies": {
    "@uirouter/angularjs": {
      "version": "1.0.29",
      "resolved": "https://registry.npmjs.org/@uirouter/angularjs/-/angularjs-1.0.29.tgz",
      "integrity": "sha512-RImWnBarNixkMto0o8stEaGwZmvhv5cnuOLXyMU2pY8MP2rgEF74ZNJTLeJCW14LR7XDUxVH8Mk8bPI6lxedmQ==",
      "requires": {
        "@uirouter/core": "6.0.7"
      }
    },
    "@uirouter/core": {
      "version": "6.0.7",
      "resolved": "https://registry.npmjs.org/@uirouter/core/-/core-6.0.7.tgz",
      "integrity": "sha512-KUTJxL+6q0PiBnFx4/Z+Hsyg0pSGiaW5yZQeJmUxknecjpTbnXkLU8H2EqRn9N2B+qDRa7Jg8RcgeNDPY72O1w=="
    },
    "angular": {
      "version": "1.8.2",
      "resolved": "https://registry.npmjs.org/angular/-/angular-1.8.2.tgz",
      "integrity": "sha512-IauMOej2xEe7/7Ennahkbb5qd/HFADiNuLSESz9Q27inmi32zB0lnAsFeLEWcox3Gd1F6YhNd1CP7/9IukJ0Gw=="
    },
    "angular-animate": {
      "version": "1.8.2",
      "resolved": "https://registry.npmjs.org/angular-animate/-/angular-animate-1.8.2.tgz",
      "integrity": "sha512-Jbr9+grNMs9Kj57xuBU3Ju3NOPAjS1+g2UAwwDv7su1lt0/PLDy+9zEwDiu8C8xJceoTbmBNKiWGPJGBdCQLlA=="
    },
    "angular-aria": {
      "version": "1.8.2",
      "resolved": "https://registry.npmjs.org/angular-aria/-/angular-aria-1.8.2.tgz",
      "integrity": "sha512-xWT1Lm+Xug2GM6nGNMioBP4hXt3sj2eGaExa4cVCZUYSVWezgyuD1RiLgzJzwTkBGYplHQUzQaz3yDY8jVI6yQ=="
    },
    "angular-aria": {
      "version": "1.8.2",
      "resolved": "https://registry.npmjs.org/angular-aria/-/angular-aria-1.8.2.tgz",
      "integrity": "sha512-xWT1Lm+Xug2GM6nGNMioBP4hXt3sj2eGaExa4cVCZUYSVWezgyuD1RiLgzJzwTkBGYplHQUzQaz3yDY8jVI6yQ=="
    },
    "angular-cookies": {
      "version": "1.8.2",
      "resolved": "https://registry.npmjs.org/angular-cookies/-/angular-cookies-1.8.2.tgz",
      "integrity": "sha512-M6fCnsnw1pj1+nXuO28ilJ+h6pFCIXQKSEgy9/PIoN0sZr5FqsE9BK18PdBQa8dif+fnHCAYpPU8MgDzT/sZSg=="
    },
    "angular-material": {
      "version": "1.2.3",
      "resolved": "https://registry.npmjs.org/angular-material/-/angular-material-1.2.3.tgz",
      "integrity": "sha512-Xx5WC8OLbPmMegnl8Mrex5YtF/fEXwwxnESIeKQvyL6ljDeC41jrSxpYSiM3OUeoNY3ySE1G6M63up3IBsFzNQ=="
    },
    "angular-messages": {
      "version": "1.8.2",
      "resolved": "https://registry.npmjs.org/angular-messages/-/angular-messages-1.8.2.tgz",
      "integrity": "sha512-M1qNh/30cLJi4yJJ+3YB8saPonRcavz5Dquqz0T/aUySKJhIkUoeCkmF+BcLH4SJ5PBp04yy4CZUUeNRVi7jZA=="
    },
    "angular-sanitize": {
      "version": "1.8.2",
      "resolved": "https://registry.npmjs.org/angular-sanitize/-/angular-sanitize-1.8.2.tgz",
      "integrity": "sha512-OB6Goa+QN3byf5asQ7XRl7DKZejm/F/ZOqa9z1skqYVOWA2hoBxoCmt9E7+i7T/TbxZP5zYzKxNZVVJNu860Hg=="
    },
    "angular-websocket": {
      "version": "2.0.1",
      "resolved": "https://registry.npmjs.org/angular-websocket/-/angular-websocket-2.0.1.tgz",
      "integrity": "sha1-D7TWDtkBi+WD0DHuxOVrRXy43O4=",
      "requires": {
        "angular": "*",
        "ws": "^1.0.0"
      },
      "dependencies": {
        "ws": {
          "version": "1.1.5",
          "resolved": "https://registry.npmjs.org/ws/-/ws-1.1.5.tgz",
          "integrity": "sha512-o3KqipXNUdS7wpQzBHSe180lBGO60SoK0yVo3CYJgb2MkobuWuBX6dhkYP5ORCLd55y+SaflMOV5fqAB53ux4w==",
          "requires": {
            "options": ">=0.0.5",
            "ultron": "1.0.x"
          }
        }
      }
    },
    "angularjs-dropdown-multiselect": {
      "version": "2.0.0-beta.10",
      "resolved": "https://registry.npmjs.org/angularjs-dropdown-multiselect/-/angularjs-dropdown-multiselect-2.0.0-beta.10.tgz",
      "integrity": "sha1-/7R63w33M/PalM5JyE+PBdJHKl8=",
      "requires": {
        "angular": "~1"
      }
    },
    "bootstrap": {
      "version": "5.1.0",
      "resolved": "https://registry.npmjs.org/bootstrap/-/bootstrap-5.1.0.tgz",
      "integrity": "sha512-bs74WNI9BgBo3cEovmdMHikSKoXnDgA6VQjJ7TyTotU6L7d41ZyCEEelPwkYEzsG/Zjv3ie9IE3EMAje0W9Xew=="
    },
    "bootstrap-icons": {
      "version": "1.5.0",
      "resolved": "https://registry.npmjs.org/bootstrap-icons/-/bootstrap-icons-1.5.0.tgz",
      "integrity": "sha512-44feMc7DE1Ccpsas/1wioN8ewFJNquvi5FewA06wLnqct7CwMdGDVy41ieHaacogzDqLfG8nADIvMNp9e4bfbA=="
    },
    "bootstrap-select": {
      "version": "1.13.18",
      "resolved": "https://registry.npmjs.org/bootstrap-select/-/bootstrap-select-1.13.18.tgz",
      "integrity": "sha512-V1IzK4rxBq5FrJtkzSH6RmFLFBsjx50byFbfAf8jYyXROWs7ZpprGjdHeoyq2HSsHyjJhMMwjsQhRoYAfxCGow=="
    },
    "bower": {
      "version": "1.8.12",
      "resolved": "https://registry.npmjs.org/bower/-/bower-1.8.12.tgz",
      "integrity": "sha512-u1xy9SrwwoPlgjuHNjhV+YUPVdqyBj2ALBxuzeIUKXaPI2i2xypGgxqXkuHcITGdi5yBj5JuXgyMvgiWiS1S3Q=="
    },
    "chosen-js": {
      "version": "1.8.7",
      "resolved": "https://registry.npmjs.org/chosen-js/-/chosen-js-1.8.7.tgz",
      "integrity": "sha512-eVdrZJ2U5ISdObkgsi0od5vIJdLwq1P1Xa/Vj/mgxkMZf14DlgobfB6nrlFi3kW4kkvKLsKk4NDqZj1MU1DCpw=="
    },
    "crypto-js": {
      "version": "4.1.1",
      "resolved": "https://registry.npmjs.org/crypto-js/-/crypto-js-4.1.1.tgz",
      "integrity": "sha512-o2JlM7ydqd3Qk9CA0L4NL6mTzU2sdx96a+oOfPu8Mkl/PK51vSyoi8/rQ8NknZtk44vq15lmhAj9CIAGwgeWKw=="
    },
    "font-awesome": {
      "version": "4.7.0",
      "resolved": "https://registry.npmjs.org/font-awesome/-/font-awesome-4.7.0.tgz",
      "integrity": "sha1-j6jPBBGhoxr9B7BtKQK7n8gVoTM="
    },
    "lodash": {
      "version": "4.17.21",
      "resolved": "https://registry.npmjs.org/lodash/-/lodash-4.17.21.tgz",
      "integrity": "sha512-v2kDEe57lecTulaDIuNTPy3Ry4gLGJ6Z1O3vE1krgXZNrsQ+LFTGHVxVjcXPs17LhbZVGedAJv8XZ1tvj5FvSg=="
    },
    "options": {
      "version": "0.0.6",
      "resolved": "https://registry.npmjs.org/options/-/options-0.0.6.tgz",
      "integrity": "sha1-7CLTEoBrtT5zF3Pnza788cZDEo8="
    },
    "restangular": {
      "version": "1.6.1",
      "resolved": "https://registry.npmjs.org/restangular/-/restangular-1.6.1.tgz",
      "integrity": "sha1-rdF0PyfXewuKZS5khadgtiNO0CQ=",
      "requires": {
        "lodash": "~4.17.0"
      }
    },
    "ui-select": {
      "version": "0.19.8",
      "resolved": "https://registry.npmjs.org/ui-select/-/ui-select-0.19.8.tgz",
      "integrity": "sha1-dIYISKf9i8SU2YVtL2J3bqmGN8E="
    },
    "ultron": {
      "version": "1.0.2",
      "resolved": "https://registry.npmjs.org/ultron/-/ultron-1.0.2.tgz",
      "integrity": "sha1-rOEWq1V80Zc4ak6I9GhTeMiy5Po="
    },
    "ws": {
      "version": "8.2.1",
      "resolved": "https://registry.npmjs.org/ws/-/ws-8.2.1.tgz",
      "integrity": "sha512-XkgWpJU3sHU7gX8f13NqTn6KQ85bd1WU7noBHTT8fSohx7OS1TPY8k+cyRPCzFkia7C4mM229yeHr1qK9sM4JQ=="
    }
  }
}
